{
    "name": "atui",
    "version": "0.4.0",
    "lockfileVersion": 3,
    "requires": true,
    "packages": {
        "": {
            "name": "atui",
            "version": "0.4.0",
            "license": "GPL-3.0",
            "engines": {
                "node": ">=14"
            }
        }
    }
}
